
Microsoft Visual Studio Solution File, Format Version 12.00
# Visual Studio Version 17
VisualStudioVersion = 17.12.35707.178 d17.12
MinimumVisualStudioVersion = 10.0.40219.1
Project("{2150E333-8FDC-42A3-9474-1A3956D46DE8}") = "Task0", "Task0", "{C1EC646F-25AF-4750-8145-8B81838779F0}"
EndProject
Project("{2150E333-8FDC-42A3-9474-1A3956D46DE8}") = "Task1", "Task1", "{C89CDFFD-3FAC-4243-9A70-D7B30485EC09}"
EndProject
Project("{2150E333-8FDC-42A3-9474-1A3956D46DE8}") = "Task2", "Task2", "{7D3329A3-3EFB-41D0-BFC0-85C27F20FCA2}"
EndProject
Project("{2150E333-8FDC-42A3-9474-1A3956D46DE8}") = "Task3", "Task3", "{ADF717A5-D9EB-49C8-8185-9B2F164B14DF}"
EndProject
Project("{2150E333-8FDC-42A3-9474-1A3956D46DE8}") = "Task4", "Task4", "{C87A9B51-95F9-4A27-A48E-B8B001B2F2EF}"
EndProject
Project("{2150E333-8FDC-42A3-9474-1A3956D46DE8}") = "Task5", "Task5", "{D5151E52-B899-414C-A1C2-7778CDD147FE}"
EndProject
Project("{2150E333-8FDC-42A3-9474-1A3956D46DE8}") = "Task6", "Task6", "{3DF59C9D-658B-4713-AD1D-6F74919EACC1}"
EndProject
Project("{2150E333-8FDC-42A3-9474-1A3956D46DE8}") = "Task7", "Task7", "{BE8ED1C8-E26E-494A-8BDB-F3F3AA9C8A74}"
EndProject
Project("{FAE04EC0-301F-11D3-BF4B-00C04F79EFBC}") = "Tyuiu.ZaicevYaA.Sprint5.Task0.V7", "Tyuiu.ZaicevYaA.Sprint5.Task0.V7\Tyuiu.ZaicevYaA.Sprint5.Task0.V7.csproj", "{CA260783-F631-4B16-BE85-73D701F6AE74}"
EndProject
Project("{FAE04EC0-301F-11D3-BF4B-00C04F79EFBC}") = "Tyuiu.ZaicevYaA.Sprint5.Task0.V7.Lib", "Tyuiu.ZaicevYaA.Sprint5.Task0.V7.Lib\Tyuiu.ZaicevYaA.Sprint5.Task0.V7.Lib.csproj", "{BA3AFC25-752A-4B0E-AD16-388A7C908701}"
EndProject
Project("{FAE04EC0-301F-11D3-BF4B-00C04F79EFBC}") = "Tyuiu.ZaicevYaA.Sprint5.Task0.V7.Test", "Tyuiu.ZaicevYaA.Sprint5.Task0.V7.Test\Tyuiu.ZaicevYaA.Sprint5.Task0.V7.Test.csproj", "{B21C6C27-EB7D-49DA-87B8-BBF63C9410B1}"
EndProject
Project("{FAE04EC0-301F-11D3-BF4B-00C04F79EFBC}") = "Tyuiu.ZaicevYaA.Sprint5.Task1.V7", "Tyuiu.ZaicevYaA.Sprint5.Task1.V7\Tyuiu.ZaicevYaA.Sprint5.Task1.V7.csproj", "{1615EE4D-7A7E-422A-A23C-E57CF71F4F37}"
EndProject
Project("{FAE04EC0-301F-11D3-BF4B-00C04F79EFBC}") = "Tyuiu.ZaicevYaA.Sprint5.Task1.V7.Lib", "Tyuiu.ZaicevYaA.Sprint5.Task1.V7.Lib\Tyuiu.ZaicevYaA.Sprint5.Task1.V7.Lib.csproj", "{DB93568B-2F43-4225-82A0-6902E15D59C3}"
EndProject
Project("{FAE04EC0-301F-11D3-BF4B-00C04F79EFBC}") = "Tyuiu.ZaicevYaA.Sprint5.Task1.V7.Test", "Tyuiu.ZaicevYaA.Sprint5.Task1.V7.Test\Tyuiu.ZaicevYaA.Sprint5.Task1.V7.Test.csproj", "{2DBF947D-07A1-4F1D-89F6-D0B4370A7B97}"
EndProject
Project("{FAE04EC0-301F-11D3-BF4B-00C04F79EFBC}") = "Tyuiu.ZaicevYaA.Sprint5.Task2.V28", "Tyuiu.ZaicevYaA.Sprint5.Task2.V28\Tyuiu.ZaicevYaA.Sprint5.Task2.V28.csproj", "{908498B0-93F1-487C-985E-7F5B67FC7B50}"
EndProject
Project("{FAE04EC0-301F-11D3-BF4B-00C04F79EFBC}") = "Tyuiu.ZaicevYaA.Sprint5.Task2.V28.Lib", "Tyuiu.ZaicevYaA.Sprint5.Task2.V28.Lib\Tyuiu.ZaicevYaA.Sprint5.Task2.V28.Lib.csproj", "{B846FCB7-9126-4F10-AC47-0EDF94257D2C}"
EndProject
Project("{FAE04EC0-301F-11D3-BF4B-00C04F79EFBC}") = "Tyuiu.ZaicevYaA.Sprint5.Task2.V28.Test", "Tyuiu.ZaicevYaA.Sprint5.Task2.V28.Test\Tyuiu.ZaicevYaA.Sprint5.Task2.V28.Test.csproj", "{3E8C1726-B08D-4399-B886-858A48B6CBDE}"
EndProject
Project("{FAE04EC0-301F-11D3-BF4B-00C04F79EFBC}") = "Tyuiu.ZaicevYaA.Sprint5.Task3.V7", "Tyuiu.ZaicevYaA.Sprint5.Task3.V7\Tyuiu.ZaicevYaA.Sprint5.Task3.V7.csproj", "{0A865233-1C30-4471-A3FC-4E28182CE206}"
EndProject
Project("{FAE04EC0-301F-11D3-BF4B-00C04F79EFBC}") = "Tyuiu.ZaicevYaA.Sprint5.Task3.V7.Lib", "Tyuiu.ZaicevYaA.Sprint5.Task3.V7.Lib\Tyuiu.ZaicevYaA.Sprint5.Task3.V7.Lib.csproj", "{036D4136-C9F7-4421-8906-2C3907A46AE3}"
EndProject
Project("{FAE04EC0-301F-11D3-BF4B-00C04F79EFBC}") = "Tyuiu.ZaicevYaA.Sprint5.Task3.V7.Test", "Tyuiu.ZaicevYaA.Sprint5.Task3.V7.Test\Tyuiu.ZaicevYaA.Sprint5.Task3.V7.Test.csproj", "{039AD734-CFD0-4401-9ED1-184CB1850C46}"
EndProject
Project("{FAE04EC0-301F-11D3-BF4B-00C04F79EFBC}") = "Tyuiu.ZaicevYaA.Sprint5.Task4.V14", "Tyuiu.ZaicevYaA.Sprint5.Task4.V14\Tyuiu.ZaicevYaA.Sprint5.Task4.V14.csproj", "{A8F8EB84-E62E-4520-A561-C001EEA312EF}"
EndProject
Project("{FAE04EC0-301F-11D3-BF4B-00C04F79EFBC}") = "Tyuiu.ZaicevYaA.Sprint5.Task4.V14.Lib", "Tyuiu.ZaicevYaA.Sprint5.Task4.V14.Lib\Tyuiu.ZaicevYaA.Sprint5.Task4.V14.Lib.csproj", "{6A96968B-41B8-430B-AE85-E6D3CB8E865E}"
EndProject
Project("{FAE04EC0-301F-11D3-BF4B-00C04F79EFBC}") = "Tyuiu.ZaicevYaA.Sprint5.Task4.V14.Test", "Tyuiu.ZaicevYaA.Sprint5.Task4.V14.Test\Tyuiu.ZaicevYaA.Sprint5.Task4.V14.Test.csproj", "{9852E151-DB3E-4BD6-A9A4-817E38EC05B1}"
EndProject
Project("{FAE04EC0-301F-11D3-BF4B-00C04F79EFBC}") = "Tyuiu.ZaicevYaA.Sprint5.Task5.V3", "Tyuiu.ZaicevYaA.Sprint5.Task5.V3\Tyuiu.ZaicevYaA.Sprint5.Task5.V3.csproj", "{F7963871-11E3-465D-99DA-AE6674B5DF4B}"
EndProject
Project("{FAE04EC0-301F-11D3-BF4B-00C04F79EFBC}") = "Tyuiu.ZaicevYaA.Sprint5.Task5.V3.Lib", "Tyuiu.ZaicevYaA.Sprint5.Task5.V3.Lib\Tyuiu.ZaicevYaA.Sprint5.Task5.V3.Lib.csproj", "{8A5BD01C-B2CA-4E68-8DC0-EA69DF289B55}"
EndProject
Project("{FAE04EC0-301F-11D3-BF4B-00C04F79EFBC}") = "Tyuiu.ZaicevYaA.Sprint5.Task5.V3.Test", "Tyuiu.ZaicevYaA.Sprint5.Task5.V3.Test\Tyuiu.ZaicevYaA.Sprint5.Task5.V3.Test.csproj", "{33A3110C-B272-4D53-9FCF-3BE2626793F1}"
EndProject
Project("{FAE04EC0-301F-11D3-BF4B-00C04F79EFBC}") = "Tyuiu.ZaicevYaA.Sprint5.Task6.V9", "Tyuiu.ZaicevYaA.Sprint5.Task6.V9\Tyuiu.ZaicevYaA.Sprint5.Task6.V9.csproj", "{2C72E92B-8602-49A1-A4B3-4DDA142C745B}"
EndProject
Project("{FAE04EC0-301F-11D3-BF4B-00C04F79EFBC}") = "Tyuiu.ZaicevYaA.Sprint5.Task6.V9.Lib", "Tyuiu.ZaicevYaA.Sprint5.Task6.V9.Lib\Tyuiu.ZaicevYaA.Sprint5.Task6.V9.Lib.csproj", "{0958C262-877B-42BE-93EA-A6DD04337AEB}"
EndProject
Project("{FAE04EC0-301F-11D3-BF4B-00C04F79EFBC}") = "Tyuiu.ZaicevYaA.Sprint5.Task6.V9.Test", "Tyuiu.ZaicevYaA.Sprint5.Task6.V9.Test\Tyuiu.ZaicevYaA.Sprint5.Task6.V9.Test.csproj", "{15952245-8572-43A3-9960-221774081789}"
EndProject
Project("{FAE04EC0-301F-11D3-BF4B-00C04F79EFBC}") = "Tyuiu.ZaicevYaA.Sprint5.Task7.V25", "Tyuiu.ZaicevYaA.Sprint5.Task7.V25\Tyuiu.ZaicevYaA.Sprint5.Task7.V25.csproj", "{7FA84BA1-4D84-4266-81B3-DC810BF8475C}"
EndProject
Project("{FAE04EC0-301F-11D3-BF4B-00C04F79EFBC}") = "Tyuiu.ZaicevYaA.Sprint5.Task7.V25.Lib", "Tyuiu.ZaicevYaA.Sprint5.Task7.V25.Lib\Tyuiu.ZaicevYaA.Sprint5.Task7.V25.Lib.csproj", "{098FA26E-F32C-49B9-8B9C-233530B1586A}"
EndProject
Project("{FAE04EC0-301F-11D3-BF4B-00C04F79EFBC}") = "Tyuiu.ZaicevYaA.Sprint5.Task7.V25.Test", "Tyuiu.ZaicevYaA.Sprint5.Task7.V25.Test\Tyuiu.ZaicevYaA.Sprint5.Task7.V25.Test.csproj", "{BE6B420B-10E7-4C31-BE64-BE59E580F839}"
EndProject
Global
	GlobalSection(SolutionConfigurationPlatforms) = preSolution
		Debug|Any CPU = Debug|Any CPU
		Release|Any CPU = Release|Any CPU
	EndGlobalSection
	GlobalSection(ProjectConfigurationPlatforms) = postSolution
		{CA260783-F631-4B16-BE85-73D701F6AE74}.Debug|Any CPU.ActiveCfg = Debug|Any CPU
		{CA260783-F631-4B16-BE85-73D701F6AE74}.Debug|Any CPU.Build.0 = Debug|Any CPU
		{CA260783-F631-4B16-BE85-73D701F6AE74}.Release|Any CPU.ActiveCfg = Release|Any CPU
		{CA260783-F631-4B16-BE85-73D701F6AE74}.Release|Any CPU.Build.0 = Release|Any CPU
		{BA3AFC25-752A-4B0E-AD16-388A7C908701}.Debug|Any CPU.ActiveCfg = Debug|Any CPU
		{BA3AFC25-752A-4B0E-AD16-388A7C908701}.Debug|Any CPU.Build.0 = Debug|Any CPU
		{BA3AFC25-752A-4B0E-AD16-388A7C908701}.Release|Any CPU.ActiveCfg = Release|Any CPU
		{BA3AFC25-752A-4B0E-AD16-388A7C908701}.Release|Any CPU.Build.0 = Release|Any CPU
		{B21C6C27-EB7D-49DA-87B8-BBF63C9410B1}.Debug|Any CPU.ActiveCfg = Debug|Any CPU
		{B21C6C27-EB7D-49DA-87B8-BBF63C9410B1}.Debug|Any CPU.Build.0 = Debug|Any CPU
		{B21C6C27-EB7D-49DA-87B8-BBF63C9410B1}.Release|Any CPU.ActiveCfg = Release|Any CPU
		{B21C6C27-EB7D-49DA-87B8-BBF63C9410B1}.Release|Any CPU.Build.0 = Release|Any CPU
		{1615EE4D-7A7E-422A-A23C-E57CF71F4F37}.Debug|Any CPU.ActiveCfg = Debug|Any CPU
		{1615EE4D-7A7E-422A-A23C-E57CF71F4F37}.Debug|Any CPU.Build.0 = Debug|Any CPU
		{1615EE4D-7A7E-422A-A23C-E57CF71F4F37}.Release|Any CPU.ActiveCfg = Release|Any CPU
		{1615EE4D-7A7E-422A-A23C-E57CF71F4F37}.Release|Any CPU.Build.0 = Release|Any CPU
		{DB93568B-2F43-4225-82A0-6902E15D59C3}.Debug|Any CPU.ActiveCfg = Debug|Any CPU
		{DB93568B-2F43-4225-82A0-6902E15D59C3}.Debug|Any CPU.Build.0 = Debug|Any CPU
		{DB93568B-2F43-4225-82A0-6902E15D59C3}.Release|Any CPU.ActiveCfg = Release|Any CPU
		{DB93568B-2F43-4225-82A0-6902E15D59C3}.Release|Any CPU.Build.0 = Release|Any CPU
		{2DBF947D-07A1-4F1D-89F6-D0B4370A7B97}.Debug|Any CPU.ActiveCfg = Debug|Any CPU
		{2DBF947D-07A1-4F1D-89F6-D0B4370A7B97}.Debug|Any CPU.Build.0 = Debug|Any CPU
		{2DBF947D-07A1-4F1D-89F6-D0B4370A7B97}.Release|Any CPU.ActiveCfg = Release|Any CPU
		{2DBF947D-07A1-4F1D-89F6-D0B4370A7B97}.Release|Any CPU.Build.0 = Release|Any CPU
		{908498B0-93F1-487C-985E-7F5B67FC7B50}.Debug|Any CPU.ActiveCfg = Debug|Any CPU
		{908498B0-93F1-487C-985E-7F5B67FC7B50}.Debug|Any CPU.Build.0 = Debug|Any CPU
		{908498B0-93F1-487C-985E-7F5B67FC7B50}.Release|Any CPU.ActiveCfg = Release|Any CPU
		{908498B0-93F1-487C-985E-7F5B67FC7B50}.Release|Any CPU.Build.0 = Release|Any CPU
		{B846FCB7-9126-4F10-AC47-0EDF94257D2C}.Debug|Any CPU.ActiveCfg = Debug|Any CPU
		{B846FCB7-9126-4F10-AC47-0EDF94257D2C}.Debug|Any CPU.Build.0 = Debug|Any CPU
		{B846FCB7-9126-4F10-AC47-0EDF94257D2C}.Release|Any CPU.ActiveCfg = Release|Any CPU
		{B846FCB7-9126-4F10-AC47-0EDF94257D2C}.Release|Any CPU.Build.0 = Release|Any CPU
		{3E8C1726-B08D-4399-B886-858A48B6CBDE}.Debug|Any CPU.ActiveCfg = Debug|Any CPU
		{3E8C1726-B08D-4399-B886-858A48B6CBDE}.Debug|Any CPU.Build.0 = Debug|Any CPU
		{3E8C1726-B08D-4399-B886-858A48B6CBDE}.Release|Any CPU.ActiveCfg = Release|Any CPU
		{3E8C1726-B08D-4399-B886-858A48B6CBDE}.Release|Any CPU.Build.0 = Release|Any CPU
		{0A865233-1C30-4471-A3FC-4E28182CE206}.Debug|Any CPU.ActiveCfg = Debug|Any CPU
		{0A865233-1C30-4471-A3FC-4E28182CE206}.Debug|Any CPU.Build.0 = Debug|Any CPU
		{0A865233-1C30-4471-A3FC-4E28182CE206}.Release|Any CPU.ActiveCfg = Release|Any CPU
		{0A865233-1C30-4471-A3FC-4E28182CE206}.Release|Any CPU.Build.0 = Release|Any CPU
		{036D4136-C9F7-4421-8906-2C3907A46AE3}.Debug|Any CPU.ActiveCfg = Debug|Any CPU
		{036D4136-C9F7-4421-8906-2C3907A46AE3}.Debug|Any CPU.Build.0 = Debug|Any CPU
		{036D4136-C9F7-4421-8906-2C3907A46AE3}.Release|Any CPU.ActiveCfg = Release|Any CPU
		{036D4136-C9F7-4421-8906-2C3907A46AE3}.Release|Any CPU.Build.0 = Release|Any CPU
		{039AD734-CFD0-4401-9ED1-184CB1850C46}.Debug|Any CPU.ActiveCfg = Debug|Any CPU
		{039AD734-CFD0-4401-9ED1-184CB1850C46}.Debug|Any CPU.Build.0 = Debug|Any CPU
		{039AD734-CFD0-4401-9ED1-184CB1850C46}.Release|Any CPU.ActiveCfg = Release|Any CPU
		{039AD734-CFD0-4401-9ED1-184CB1850C46}.Release|Any CPU.Build.0 = Release|Any CPU
		{A8F8EB84-E62E-4520-A561-C001EEA312EF}.Debug|Any CPU.ActiveCfg = Debug|Any CPU
		{A8F8EB84-E62E-4520-A561-C001EEA312EF}.Debug|Any CPU.Build.0 = Debug|Any CPU
		{A8F8EB84-E62E-4520-A561-C001EEA312EF}.Release|Any CPU.ActiveCfg = Release|Any CPU
		{A8F8EB84-E62E-4520-A561-C001EEA312EF}.Release|Any CPU.Build.0 = Release|Any CPU
		{6A96968B-41B8-430B-AE85-E6D3CB8E865E}.Debug|Any CPU.ActiveCfg = Debug|Any CPU
		{6A96968B-41B8-430B-AE85-E6D3CB8E865E}.Debug|Any CPU.Build.0 = Debug|Any CPU
		{6A96968B-41B8-430B-AE85-E6D3CB8E865E}.Release|Any CPU.ActiveCfg = Release|Any CPU
		{6A96968B-41B8-430B-AE85-E6D3CB8E865E}.Release|Any CPU.Build.0 = Release|Any CPU
		{9852E151-DB3E-4BD6-A9A4-817E38EC05B1}.Debug|Any CPU.ActiveCfg = Debug|Any CPU
		{9852E151-DB3E-4BD6-A9A4-817E38EC05B1}.Debug|Any CPU.Build.0 = Debug|Any CPU
		{9852E151-DB3E-4BD6-A9A4-817E38EC05B1}.Release|Any CPU.ActiveCfg = Release|Any CPU
		{9852E151-DB3E-4BD6-A9A4-817E38EC05B1}.Release|Any CPU.Build.0 = Release|Any CPU
		{F7963871-11E3-465D-99DA-AE6674B5DF4B}.Debug|Any CPU.ActiveCfg = Debug|Any CPU
		{F7963871-11E3-465D-99DA-AE6674B5DF4B}.Debug|Any CPU.Build.0 = Debug|Any CPU
		{F7963871-11E3-465D-99DA-AE6674B5DF4B}.Release|Any CPU.ActiveCfg = Release|Any CPU
		{F7963871-11E3-465D-99DA-AE6674B5DF4B}.Release|Any CPU.Build.0 = Release|Any CPU
		{8A5BD01C-B2CA-4E68-8DC0-EA69DF289B55}.Debug|Any CPU.ActiveCfg = Debug|Any CPU
		{8A5BD01C-B2CA-4E68-8DC0-EA69DF289B55}.Debug|Any CPU.Build.0 = Debug|Any CPU
		{8A5BD01C-B2CA-4E68-8DC0-EA69DF289B55}.Release|Any CPU.ActiveCfg = Release|Any CPU
		{8A5BD01C-B2CA-4E68-8DC0-EA69DF289B55}.Release|Any CPU.Build.0 = Release|Any CPU
		{33A3110C-B272-4D53-9FCF-3BE2626793F1}.Debug|Any CPU.ActiveCfg = Debug|Any CPU
		{33A3110C-B272-4D53-9FCF-3BE2626793F1}.Debug|Any CPU.Build.0 = Debug|Any CPU
		{33A3110C-B272-4D53-9FCF-3BE2626793F1}.Release|Any CPU.ActiveCfg = Release|Any CPU
		{33A3110C-B272-4D53-9FCF-3BE2626793F1}.Release|Any CPU.Build.0 = Release|Any CPU
		{2C72E92B-8602-49A1-A4B3-4DDA142C745B}.Debug|Any CPU.ActiveCfg = Debug|Any CPU
		{2C72E92B-8602-49A1-A4B3-4DDA142C745B}.Debug|Any CPU.Build.0 = Debug|Any CPU
		{2C72E92B-8602-49A1-A4B3-4DDA142C745B}.Release|Any CPU.ActiveCfg = Release|Any CPU
		{2C72E92B-8602-49A1-A4B3-4DDA142C745B}.Release|Any CPU.Build.0 = Release|Any CPU
		{0958C262-877B-42BE-93EA-A6DD04337AEB}.Debug|Any CPU.ActiveCfg = Debug|Any CPU
		{0958C262-877B-42BE-93EA-A6DD04337AEB}.Debug|Any CPU.Build.0 = Debug|Any CPU
		{0958C262-877B-42BE-93EA-A6DD04337AEB}.Release|Any CPU.ActiveCfg = Release|Any CPU
		{0958C262-877B-42BE-93EA-A6DD04337AEB}.Release|Any CPU.Build.0 = Release|Any CPU
		{15952245-8572-43A3-9960-221774081789}.Debug|Any CPU.ActiveCfg = Debug|Any CPU
		{15952245-8572-43A3-9960-221774081789}.Debug|Any CPU.Build.0 = Debug|Any CPU
		{15952245-8572-43A3-9960-221774081789}.Release|Any CPU.ActiveCfg = Release|Any CPU
		{15952245-8572-43A3-9960-221774081789}.Release|Any CPU.Build.0 = Release|Any CPU
		{7FA84BA1-4D84-4266-81B3-DC810BF8475C}.Debug|Any CPU.ActiveCfg = Debug|Any CPU
		{7FA84BA1-4D84-4266-81B3-DC810BF8475C}.Debug|Any CPU.Build.0 = Debug|Any CPU
		{7FA84BA1-4D84-4266-81B3-DC810BF8475C}.Release|Any CPU.ActiveCfg = Release|Any CPU
		{7FA84BA1-4D84-4266-81B3-DC810BF8475C}.Release|Any CPU.Build.0 = Release|Any CPU
		{098FA26E-F32C-49B9-8B9C-233530B1586A}.Debug|Any CPU.ActiveCfg = Debug|Any CPU
		{098FA26E-F32C-49B9-8B9C-233530B1586A}.Debug|Any CPU.Build.0 = Debug|Any CPU
		{098FA26E-F32C-49B9-8B9C-233530B1586A}.Release|Any CPU.ActiveCfg = Release|Any CPU
		{098FA26E-F32C-49B9-8B9C-233530B1586A}.Release|Any CPU.Build.0 = Release|Any CPU
		{BE6B420B-10E7-4C31-BE64-BE59E580F839}.Debug|Any CPU.ActiveCfg = Debug|Any CPU
		{BE6B420B-10E7-4C31-BE64-BE59E580F839}.Debug|Any CPU.Build.0 = Debug|Any CPU
		{BE6B420B-10E7-4C31-BE64-BE59E580F839}.Release|Any CPU.ActiveCfg = Release|Any CPU
		{BE6B420B-10E7-4C31-BE64-BE59E580F839}.Release|Any CPU.Build.0 = Release|Any CPU
	EndGlobalSection
	GlobalSection(SolutionProperties) = preSolution
		HideSolutionNode = FALSE
	EndGlobalSection
	GlobalSection(NestedProjects) = preSolution
		{CA260783-F631-4B16-BE85-73D701F6AE74} = {C1EC646F-25AF-4750-8145-8B81838779F0}
		{BA3AFC25-752A-4B0E-AD16-388A7C908701} = {C1EC646F-25AF-4750-8145-8B81838779F0}
		{B21C6C27-EB7D-49DA-87B8-BBF63C9410B1} = {C1EC646F-25AF-4750-8145-8B81838779F0}
		{1615EE4D-7A7E-422A-A23C-E57CF71F4F37} = {C89CDFFD-3FAC-4243-9A70-D7B30485EC09}
		{DB93568B-2F43-4225-82A0-6902E15D59C3} = {C89CDFFD-3FAC-4243-9A70-D7B30485EC09}
		{2DBF947D-07A1-4F1D-89F6-D0B4370A7B97} = {C89CDFFD-3FAC-4243-9A70-D7B30485EC09}
		{908498B0-93F1-487C-985E-7F5B67FC7B50} = {7D3329A3-3EFB-41D0-BFC0-85C27F20FCA2}
		{B846FCB7-9126-4F10-AC47-0EDF94257D2C} = {7D3329A3-3EFB-41D0-BFC0-85C27F20FCA2}
		{3E8C1726-B08D-4399-B886-858A48B6CBDE} = {7D3329A3-3EFB-41D0-BFC0-85C27F20FCA2}
		{0A865233-1C30-4471-A3FC-4E28182CE206} = {ADF717A5-D9EB-49C8-8185-9B2F164B14DF}
		{036D4136-C9F7-4421-8906-2C3907A46AE3} = {ADF717A5-D9EB-49C8-8185-9B2F164B14DF}
		{039AD734-CFD0-4401-9ED1-184CB1850C46} = {ADF717A5-D9EB-49C8-8185-9B2F164B14DF}
		{A8F8EB84-E62E-4520-A561-C001EEA312EF} = {C87A9B51-95F9-4A27-A48E-B8B001B2F2EF}
		{6A96968B-41B8-430B-AE85-E6D3CB8E865E} = {C87A9B51-95F9-4A27-A48E-B8B001B2F2EF}
		{9852E151-DB3E-4BD6-A9A4-817E38EC05B1} = {C87A9B51-95F9-4A27-A48E-B8B001B2F2EF}
		{F7963871-11E3-465D-99DA-AE6674B5DF4B} = {D5151E52-B899-414C-A1C2-7778CDD147FE}
		{8A5BD01C-B2CA-4E68-8DC0-EA69DF289B55} = {D5151E52-B899-414C-A1C2-7778CDD147FE}
		{33A3110C-B272-4D53-9FCF-3BE2626793F1} = {D5151E52-B899-414C-A1C2-7778CDD147FE}
		{2C72E92B-8602-49A1-A4B3-4DDA142C745B} = {3DF59C9D-658B-4713-AD1D-6F74919EACC1}
		{0958C262-877B-42BE-93EA-A6DD04337AEB} = {3DF59C9D-658B-4713-AD1D-6F74919EACC1}
		{15952245-8572-43A3-9960-221774081789} = {3DF59C9D-658B-4713-AD1D-6F74919EACC1}
		{7FA84BA1-4D84-4266-81B3-DC810BF8475C} = {BE8ED1C8-E26E-494A-8BDB-F3F3AA9C8A74}
		{098FA26E-F32C-49B9-8B9C-233530B1586A} = {BE8ED1C8-E26E-494A-8BDB-F3F3AA9C8A74}
		{BE6B420B-10E7-4C31-BE64-BE59E580F839} = {BE8ED1C8-E26E-494A-8BDB-F3F3AA9C8A74}
	EndGlobalSection
EndGlobal
